
Microsoft Visual Studio Solution File, Format Version 12.00
# Visual Studio Version 17
VisualStudioVersion = 17.7.34003.232
MinimumVisualStudioVersion = 10.0.40219.1
Project("{FAE04EC0-301F-11D3-BF4B-00C04F79EFBC}") = "MyInv", "MyInv\MyInv.csproj", "{A77A2AD3-E43F-4491-BDC1-F9BA5D2DA94D}"
EndProject
Global
	GlobalSection(SolutionConfigurationPlatforms) = preSolution
		Debug|Any CPU = Debug|Any CPU
		Release|Any CPU = Release|Any CPU
	EndGlobalSection
	GlobalSection(ProjectConfigurationPlatforms) = postSolution
		{A77A2AD3-E43F-4491-BDC1-F9BA5D2DA94D}.Debug|Any CPU.ActiveCfg = Debug|Any CPU
		{A77A2AD3-E43F-4491-BDC1-F9BA5D2DA94D}.Debug|Any CPU.Build.0 = Debug|Any CPU
		{A77A2AD3-E43F-4491-BDC1-F9BA5D2DA94D}.Release|Any CPU.ActiveCfg = Release|Any CPU
		{A77A2AD3-E43F-4491-BDC1-F9BA5D2DA94D}.Release|Any CPU.Build.0 = Release|Any CPU
	EndGlobalSection
	GlobalSection(SolutionProperties) = preSolution
		HideSolutionNode = FALSE
	EndGlobalSection
	GlobalSection(ExtensibilityGlobals) = postSolution
		SolutionGuid = {E0716AE9-D099-4B4E-82CD-FB16F954BA38}
	EndGlobalSection
EndGlobal
